{
  "version": 4,
  "terraform_version": "1.8.5",
  "serial": 4,
  "lineage": "7b5db26b-289c-db33-a8b9-8ed7d2593b5b",
  "outputs": {},
  "resources": [
    {
      "mode": "data",
      "type": "azurerm_resource_group",
      "name": "rg",
      "provider": "provider[\"registry.terraform.io/hashicorp/azurerm\"]",
      "instances": [
        {
          "schema_version": 0,
          "attributes": {
            "id": "/subscriptions/20836408-7996-49cf-803b-d479a4041a48/resourceGroups/rg-avnm-lab-eastus2",
            "location": "eastus2",
            "managed_by": "",
            "name": "rg-avnm-lab-eastus2",
            "tags": {},
            "timeouts": null
          },
          "sensitive_attributes": []
        }
      ]
    },
    {
      "mode": "data",
      "type": "azurerm_virtual_network",
      "name": "hub-vnet",
      "provider": "provider[\"registry.terraform.io/hashicorp/azurerm\"]",
      "instances": [
        {
          "schema_version": 0,
          "attributes": {
            "address_space": [
              "10.1.0.0/16"
            ],
            "dns_servers": [],
            "guid": "b0ce6e20-ca70-42af-bb42-38dcdc569472",
            "id": "/subscriptions/20836408-7996-49cf-803b-d479a4041a48/resourceGroups/rg-avnm-lab-eastus2/providers/Microsoft.Network/virtualNetworks/vnet-avnm-hub",
            "location": "eastus2",
            "name": "vnet-avnm-hub",
            "resource_group_name": "rg-avnm-lab-eastus2",
            "subnets": [
              "GatewaySubnet",
              "AzureFirewallSubnet"
            ],
            "tags": {
              "environment": "hub"
            },
            "timeouts": null,
            "vnet_peerings": {},
            "vnet_peerings_addresses": []
          },
          "sensitive_attributes": []
        }
      ]
    },
    {
      "mode": "managed",
      "type": "azurerm_network_manager",
      "name": "avnm",
      "provider": "provider[\"registry.terraform.io/hashicorp/azurerm\"]",
      "instances": [
        {
          "schema_version": 0,
          "attributes": {
            "cross_tenant_scopes": [],
            "description": "example network manager",
            "id": "/subscriptions/20836408-7996-49cf-803b-d479a4041a48/resourceGroups/rg-avnm-lab-eastus2/providers/Microsoft.Network/networkManagers/avnm-demo",
            "location": "eastus2",
            "name": "avnm-demo",
            "resource_group_name": "rg-avnm-lab-eastus2",
            "scope": [
              {
                "management_group_ids": null,
                "subscription_ids": [
                  "/subscriptions/20836408-7996-49cf-803b-d479a4041a48"
                ]
              }
            ],
            "scope_accesses": [
              "Connectivity",
              "SecurityAdmin"
            ],
            "tags": null,
            "timeouts": null
          },
          "sensitive_attributes": [],
          "private": "eyJlMmJmYjczMC1lY2FhLTExZTYtOGY4OC0zNDM2M2JjN2M0YzAiOnsiY3JlYXRlIjoxODAwMDAwMDAwMDAwLCJkZWxldGUiOjE4MDAwMDAwMDAwMDAsInJlYWQiOjMwMDAwMDAwMDAwMCwidXBkYXRlIjoxODAwMDAwMDAwMDAwfX0=",
          "dependencies": [
            "data.azurerm_resource_group.rg"
          ]
        }
      ]
    },
    {
      "mode": "managed",
      "type": "azurerm_network_manager_connectivity_configuration",
      "name": "connectivity-config",
      "provider": "provider[\"registry.terraform.io/hashicorp/azurerm\"]",
      "instances": [
        {
          "schema_version": 0,
          "attributes": {
            "applies_to_group": [
              {
                "global_mesh_enabled": false,
                "group_connectivity": "None",
                "network_group_id": "/subscriptions/20836408-7996-49cf-803b-d479a4041a48/resourceGroups/rg-avnm-lab-eastus2/providers/Microsoft.Network/networkManagers/avnm-demo/networkGroups/hub-spoke",
                "use_hub_gateway": true
              }
            ],
            "connectivity_topology": "HubAndSpoke",
            "delete_existing_peering_enabled": false,
            "description": "",
            "global_mesh_enabled": false,
            "hub": [
              {
                "resource_id": "/subscriptions/20836408-7996-49cf-803b-d479a4041a48/resourceGroups/rg-avnm-lab-eastus2/providers/Microsoft.Network/virtualNetworks/vnet-avnm-hub",
                "resource_type": "Microsoft.Network/virtualNetworks"
              }
            ],
            "id": "/subscriptions/20836408-7996-49cf-803b-d479a4041a48/resourceGroups/rg-avnm-lab-eastus2/providers/Microsoft.Network/networkManagers/avnm-demo/connectivityConfigurations/connectivity-conf",
            "name": "connectivity-conf",
            "network_manager_id": "/subscriptions/20836408-7996-49cf-803b-d479a4041a48/resourceGroups/rg-avnm-lab-eastus2/providers/Microsoft.Network/networkManagers/avnm-demo",
            "timeouts": null
          },
          "sensitive_attributes": [],
          "private": "eyJlMmJmYjczMC1lY2FhLTExZTYtOGY4OC0zNDM2M2JjN2M0YzAiOnsiY3JlYXRlIjoxODAwMDAwMDAwMDAwLCJkZWxldGUiOjE4MDAwMDAwMDAwMDAsInJlYWQiOjMwMDAwMDAwMDAwMCwidXBkYXRlIjoxODAwMDAwMDAwMDAwfX0=",
          "dependencies": [
            "azurerm_network_manager.avnm",
            "azurerm_network_manager_network_group.ng",
            "data.azurerm_resource_group.rg",
            "data.azurerm_virtual_network.hub-vnet"
          ]
        }
      ]
    },
    {
      "mode": "managed",
      "type": "azurerm_network_manager_network_group",
      "name": "ng",
      "provider": "provider[\"registry.terraform.io/hashicorp/azurerm\"]",
      "instances": [
        {
          "schema_version": 0,
          "attributes": {
            "description": "",
            "id": "/subscriptions/20836408-7996-49cf-803b-d479a4041a48/resourceGroups/rg-avnm-lab-eastus2/providers/Microsoft.Network/networkManagers/avnm-demo/networkGroups/hub-spoke",
            "name": "hub-spoke",
            "network_manager_id": "/subscriptions/20836408-7996-49cf-803b-d479a4041a48/resourceGroups/rg-avnm-lab-eastus2/providers/Microsoft.Network/networkManagers/avnm-demo",
            "timeouts": null
          },
          "sensitive_attributes": [],
          "private": "eyJlMmJmYjczMC1lY2FhLTExZTYtOGY4OC0zNDM2M2JjN2M0YzAiOnsiY3JlYXRlIjoxODAwMDAwMDAwMDAwLCJkZWxldGUiOjE4MDAwMDAwMDAwMDAsInJlYWQiOjMwMDAwMDAwMDAwMCwidXBkYXRlIjoxODAwMDAwMDAwMDAwfX0=",
          "dependencies": [
            "azurerm_network_manager.avnm",
            "data.azurerm_resource_group.rg"
          ]
        }
      ]
    }
  ],
  "check_results": null
}
